<?xml version="1.0" encoding="utf-8"?>
<Project ToolsVersion="4.0" xmlns="http://schemas.microsoft.com/developer/msbuild/2003">
  <ItemGroup>
    <Filter Include="Source Files">
      <UniqueIdentifier>{4FC737F1-C7A5-4376-A066-2A32D752A2FF}</UniqueIdentifier>
      <Extensions>cpp;c;cc;cxx;def;odl;idl;hpj;bat;asm;asmx</Extensions>
    </Filter>
    <Filter Include="Header Files">
      <UniqueIdentifier>{93995380-89BD-4b04-88EB-625FBE52EBFB}</UniqueIdentifier>
      <Extensions>h;hh;hpp;hxx;hm;inl;inc;xsd</Extensions>
    </Filter>
    <Filter Include="Resource Files">
      <UniqueIdentifier>{67DA6AB6-F800-4c08-8B7A-83BB121AAD01}</UniqueIdentifier>
      <Extensions>rc;ico;cur;bmp;dlg;rc2;rct;bin;rgs;gif;jpg;jpeg;jpe;resx;tiff;tif;png;wav;mfcribbon-ms</Extensions>
    </Filter>
  </ItemGroup>
  <ItemGroup>
    <None Include="ClassDiagram8-6-2019.cd" />
  </ItemGroup>
  <ItemGroup>
    <ClInclude Include="model\DataManager.h">
      <Filter>Header Files</Filter>
    </ClInclude>
    <ClInclude Include="model\Driver.h">
      <Filter>Header Files</Filter>
    </ClInclude>
    <ClInclude Include="model\Event.h">
      <Filter>Header Files</Filter>
    </ClInclude>
    <ClInclude Include="model\EventClose.h">
      <Filter>Header Files</Filter>
    </ClInclude>
    <ClInclude Include="model\EventPause.h">
      <Filter>Header Files</Filter>
    </ClInclude>
    <ClInclude Include="model\EventSpeedChange.h">
      <Filter>Header Files</Filter>
    </ClInclude>
    <ClInclude Include="model\Model.h">
      <Filter>Header Files</Filter>
    </ClInclude>
    <ClInclude Include="model\ModelInterface.h">
      <Filter>Header Files</Filter>
    </ClInclude>
    <ClInclude Include="model\Network.h">
      <Filter>Header Files</Filter>
    </ClInclude>
    <ClInclude Include="model\Node.h">
      <Filter>Header Files</Filter>
    </ClInclude>
    <ClInclude Include="model\SimRates.h">
      <Filter>Header Files</Filter>
    </ClInclude>
    <ClInclude Include="model\Transaction.h">
      <Filter>Header Files</Filter>
    </ClInclude>
    <ClInclude Include="model\blockchain\Block.h">
      <Filter>Header Files</Filter>
    </ClInclude>
    <ClInclude Include="model\blockchain\Blockchain.h">
      <Filter>Header Files</Filter>
    </ClInclude>
    <ClInclude Include="model\blockchain\sha256.h">
      <Filter>Header Files</Filter>
    </ClInclude>
    <ClInclude Include="viewer\Input.h">
      <Filter>Header Files</Filter>
    </ClInclude>
    <ClInclude Include="viewer\InputChangeSpeed.h">
      <Filter>Header Files</Filter>
    </ClInclude>
    <ClInclude Include="viewer\InputClose.h">
      <Filter>Header Files</Filter>
    </ClInclude>
    <ClInclude Include="viewer\InputSpacebar.h">
      <Filter>Header Files</Filter>
    </ClInclude>
    <ClInclude Include="viewer\Notice.h">
      <Filter>Header Files</Filter>
    </ClInclude>
    <ClInclude Include="viewer\NoticeClose.h">
      <Filter>Header Files</Filter>
    </ClInclude>
    <ClInclude Include="viewer\NoticeSimChange.h">
      <Filter>Header Files</Filter>
    </ClInclude>
    <ClInclude Include="viewer\NoticeSimPause.h">
      <Filter>Header Files</Filter>
    </ClInclude>
    <ClInclude Include="viewer\NoticeSpeedChange.h">
      <Filter>Header Files</Filter>
    </ClInclude>
    <ClInclude Include="viewer\Viewer.h">
      <Filter>Header Files</Filter>
    </ClInclude>
    <ClInclude Include="viewer\ViewerInterface.h">
      <Filter>Header Files</Filter>
    </ClInclude>
    <ClInclude Include="controller\Controller.h">
      <Filter>Header Files</Filter>
    </ClInclude>
    <ClInclude Include="controller\ControllerInterface.h">
      <Filter>Header Files</Filter>
    </ClInclude>
    <ClInclude Include="debug.h">
      <Filter>Header Files</Filter>
    </ClInclude>
    <ClInclude Include="tests.h">
      <Filter>Header Files</Filter>
    </ClInclude>
  </ItemGroup>
  <ItemGroup>
    <ClCompile Include="model\DataManager.cpp">
      <Filter>Header Files</Filter>
    </ClCompile>
    <ClCompile Include="model\Driver.cpp">
      <Filter>Header Files</Filter>
    </ClCompile>
    <ClCompile Include="model\Event.cpp">
      <Filter>Header Files</Filter>
    </ClCompile>
    <ClCompile Include="model\EventClose.cpp">
      <Filter>Header Files</Filter>
    </ClCompile>
    <ClCompile Include="model\EventPause.cpp">
      <Filter>Header Files</Filter>
    </ClCompile>
    <ClCompile Include="model\EventSpeedChange.cpp">
      <Filter>Header Files</Filter>
    </ClCompile>
    <ClCompile Include="model\Model.cpp">
      <Filter>Header Files</Filter>
    </ClCompile>
    <ClCompile Include="model\Network.cpp">
      <Filter>Header Files</Filter>
    </ClCompile>
    <ClCompile Include="model\Node.cpp">
      <Filter>Header Files</Filter>
    </ClCompile>
    <ClCompile Include="model\Transaction.cpp">
      <Filter>Header Files</Filter>
    </ClCompile>
    <ClCompile Include="viewer\Input.cpp">
      <Filter>Source Files</Filter>
    </ClCompile>
    <ClCompile Include="viewer\InputChangeSpeed.cpp">
      <Filter>Source Files</Filter>
    </ClCompile>
    <ClCompile Include="viewer\InputClose.cpp">
      <Filter>Source Files</Filter>
    </ClCompile>
    <ClCompile Include="viewer\InputSpacebar.cpp">
      <Filter>Source Files</Filter>
    </ClCompile>
    <ClCompile Include="viewer\Notice.cpp">
      <Filter>Source Files</Filter>
    </ClCompile>
    <ClCompile Include="viewer\NoticeClose.cpp">
      <Filter>Source Files</Filter>
    </ClCompile>
    <ClCompile Include="viewer\NoticeSimChange.cpp">
      <Filter>Source Files</Filter>
    </ClCompile>
    <ClCompile Include="viewer\NoticeSimPause.cpp">
      <Filter>Source Files</Filter>
    </ClCompile>
    <ClCompile Include="viewer\NoticeSpeedChange.cpp">
      <Filter>Source Files</Filter>
    </ClCompile>
    <ClCompile Include="viewer\Viewer.cpp">
      <Filter>Source Files</Filter>
    </ClCompile>
    <ClCompile Include="controller\Controller.cpp">
      <Filter>Source Files</Filter>
    </ClCompile>
    <ClCompile Include="main.cpp">
      <Filter>Source Files</Filter>
    </ClCompile>
    <ClCompile Include="tests.cpp">
      <Filter>Source Files</Filter>
    </ClCompile>
  </ItemGroup>
</Project>