<?xml version="1.0" encoding="utf-8"?>
<Project ToolsVersion="4.0" xmlns="http://schemas.microsoft.com/developer/msbuild/2003">
  <ItemGroup>
    <Filter Include="Source Files">
      <UniqueIdentifier>{4FC737F1-C7A5-4376-A066-2A32D752A2FF}</UniqueIdentifier>
      <Extensions>cpp;c;cc;cxx;def;odl;idl;hpj;bat;asm;asmx</Extensions>
    </Filter>
    <Filter Include="Header Files">
      <UniqueIdentifier>{93995380-89BD-4b04-88EB-625FBE52EBFB}</UniqueIdentifier>
      <Extensions>h;hh;hpp;hxx;hm;inl;inc;xsd</Extensions>
    </Filter>
    <Filter Include="Resource Files">
      <UniqueIdentifier>{67DA6AB6-F800-4c08-8B7A-83BB121AAD01}</UniqueIdentifier>
      <Extensions>rc;ico;cur;bmp;dlg;rc2;rct;bin;rgs;gif;jpg;jpeg;jpe;resx;tiff;tif;png;wav;mfcribbon-ms</Extensions>
    </Filter>
  </ItemGroup>
  <ItemGroup>
    <ClCompile Include="main.cpp">
      <Filter>Source Files</Filter>
    </ClCompile>
    <ClCompile Include="mvc\Controller.cpp">
      <Filter>Source Files</Filter>
    </ClCompile>
    <ClCompile Include="mvc\Event.cpp">
      <Filter>Source Files</Filter>
    </ClCompile>
    <ClCompile Include="mvc\Input.cpp">
      <Filter>Source Files</Filter>
    </ClCompile>
    <ClCompile Include="mvc\Model.cpp">
      <Filter>Source Files</Filter>
    </ClCompile>
    <ClCompile Include="mvc\Notice.cpp">
      <Filter>Source Files</Filter>
    </ClCompile>
    <ClCompile Include="mvc\Viewer.cpp">
      <Filter>Source Files</Filter>
    </ClCompile>
    <ClCompile Include="blockchain\Block.cpp">
      <Filter>Source Files</Filter>
    </ClCompile>
    <ClCompile Include="blockchain\Blockchain.cpp">
      <Filter>Source Files</Filter>
    </ClCompile>
    <ClCompile Include="blockchain\sha256.cpp">
      <Filter>Source Files</Filter>
    </ClCompile>
    <ClCompile Include="Transaction.cpp">
      <Filter>Source Files</Filter>
    </ClCompile>
    <ClCompile Include="Driver.cpp">
      <Filter>Source Files</Filter>
    </ClCompile>
    <ClCompile Include="Node.cpp">
      <Filter>Source Files</Filter>
    </ClCompile>
    <ClCompile Include="tests.cpp">
      <Filter>Source Files</Filter>
    </ClCompile>
    <ClCompile Include="Network.cpp">
      <Filter>Source Files</Filter>
    </ClCompile>
    <ClCompile Include="DataManager.cpp">
      <Filter>Source Files</Filter>
    </ClCompile>
    <ClCompile Include="SimChangeNotice.cpp">
      <Filter>Source Files</Filter>
    </ClCompile>
    <ClCompile Include="SimPauseNotice.cpp">
      <Filter>Source Files</Filter>
    </ClCompile>
    <ClCompile Include="CloseNotice.cpp">
      <Filter>Source Files</Filter>
    </ClCompile>
    <ClCompile Include="InputClose.cpp">
      <Filter>Source Files</Filter>
    </ClCompile>
  </ItemGroup>
  <ItemGroup>
    <ClInclude Include="mvc\Controller.h">
      <Filter>Header Files</Filter>
    </ClInclude>
    <ClInclude Include="mvc\ControllerInterface.h">
      <Filter>Header Files</Filter>
    </ClInclude>
    <ClInclude Include="mvc\debug.h">
      <Filter>Header Files</Filter>
    </ClInclude>
    <ClInclude Include="mvc\Event.h">
      <Filter>Header Files</Filter>
    </ClInclude>
    <ClInclude Include="mvc\Input.h">
      <Filter>Header Files</Filter>
    </ClInclude>
    <ClInclude Include="mvc\Model.h">
      <Filter>Header Files</Filter>
    </ClInclude>
    <ClInclude Include="mvc\ModelInterface.h">
      <Filter>Header Files</Filter>
    </ClInclude>
    <ClInclude Include="mvc\Notice.h">
      <Filter>Header Files</Filter>
    </ClInclude>
    <ClInclude Include="mvc\Viewer.h">
      <Filter>Header Files</Filter>
    </ClInclude>
    <ClInclude Include="mvc\ViewerInterface.h">
      <Filter>Header Files</Filter>
    </ClInclude>
    <ClInclude Include="blockchain\Block.h">
      <Filter>Header Files</Filter>
    </ClInclude>
    <ClInclude Include="blockchain\Blockchain.h">
      <Filter>Header Files</Filter>
    </ClInclude>
    <ClInclude Include="blockchain\sha256.h">
      <Filter>Header Files</Filter>
    </ClInclude>
    <ClInclude Include="Transaction.h">
      <Filter>Header Files</Filter>
    </ClInclude>
    <ClInclude Include="Driver.h">
      <Filter>Header Files</Filter>
    </ClInclude>
    <ClInclude Include="Node.h">
      <Filter>Header Files</Filter>
    </ClInclude>
    <ClInclude Include="tests.h">
      <Filter>Header Files</Filter>
    </ClInclude>
    <ClInclude Include="Network.h">
      <Filter>Header Files</Filter>
    </ClInclude>
    <ClInclude Include="DataManager.h">
      <Filter>Header Files</Filter>
    </ClInclude>
    <ClInclude Include="SimChangeNotice.h">
      <Filter>Header Files</Filter>
    </ClInclude>
    <ClInclude Include="SimPauseNotice.h">
      <Filter>Header Files</Filter>
    </ClInclude>
    <ClInclude Include="CloseNotice.h">
      <Filter>Header Files</Filter>
    </ClInclude>
    <ClInclude Include="InputClose.h">
      <Filter>Header Files</Filter>
    </ClInclude>
  </ItemGroup>
  <ItemGroup>
    <None Include="ClassDiagram.cd" />
  </ItemGroup>
</Project>